// !$*UTF8*$!
{
	archiveVersion = 1;
	classes = {
	};
	objectVersion = 46;
	objects = {

/* Begin PBXBuildFile section */
		0D0868161F62A3BB00F92EDF /* LocationServiceSpec.swift in Sources */ = {isa = PBXBuildFile; fileRef = 0D0868151F62A3BB00F92EDF /* LocationServiceSpec.swift */; };
		0D08681B1F62B57500F92EDF /* UIBarButtonItem+Specs.swift in Sources */ = {isa = PBXBuildFile; fileRef = 0D08681A1F62B57500F92EDF /* UIBarButtonItem+Specs.swift */; };
		0D0868251F62BBC100F92EDF /* LocationAddingViewController.swift in Sources */ = {isa = PBXBuildFile; fileRef = 0D0868231F62BBC100F92EDF /* LocationAddingViewController.swift */; };
		0D0868261F62BBC100F92EDF /* LocationAddingViewController.xib in Resources */ = {isa = PBXBuildFile; fileRef = 0D0868241F62BBC100F92EDF /* LocationAddingViewController.xib */; };
		0D25BFF81F6A8B4300AFBD2F /* LocationProvider.swift in Sources */ = {isa = PBXBuildFile; fileRef = 0D25BFF71F6A8B4300AFBD2F /* LocationProvider.swift */; };
		0D25BFFA1F6A9F5A00AFBD2F /* LocationSpec.swift in Sources */ = {isa = PBXBuildFile; fileRef = 0D25BFF91F6A9F5A00AFBD2F /* LocationSpec.swift */; };
		0D25BFFE1F6ABB0400AFBD2F /* LocationProviderSpec.swift in Sources */ = {isa = PBXBuildFile; fileRef = 0D25BFFB1F6AB10600AFBD2F /* LocationProviderSpec.swift */; };
		0D91C2C11F67D283004C5C74 /* WeatherViewController.swift in Sources */ = {isa = PBXBuildFile; fileRef = 0D91C2BF1F67D283004C5C74 /* WeatherViewController.swift */; };
		0D91C2C21F67D283004C5C74 /* WeatherViewController.xib in Resources */ = {isa = PBXBuildFile; fileRef = 0D91C2C01F67D283004C5C74 /* WeatherViewController.xib */; };
		0D91C2C41F67D297004C5C74 /* WeatherViewControllerSpec.swift in Sources */ = {isa = PBXBuildFile; fileRef = 0D91C2C31F67D297004C5C74 /* WeatherViewControllerSpec.swift */; };
		0D91C2C61F67D35A004C5C74 /* WeatherViewModel.swift in Sources */ = {isa = PBXBuildFile; fileRef = 0D91C2C51F67D35A004C5C74 /* WeatherViewModel.swift */; };
		0D91C2C81F67D388004C5C74 /* WeatherViewModelSpec.swift in Sources */ = {isa = PBXBuildFile; fileRef = 0D91C2C71F67D388004C5C74 /* WeatherViewModelSpec.swift */; };
		0D98C5101F66909C00D59298 /* WeatherService.swift in Sources */ = {isa = PBXBuildFile; fileRef = 0D98C50F1F66909C00D59298 /* WeatherService.swift */; };
		0D98C5121F66915400D59298 /* Weather.swift in Sources */ = {isa = PBXBuildFile; fileRef = 0D98C5111F66915400D59298 /* Weather.swift */; };
		0D98C5171F66928C00D59298 /* APIClient.swift in Sources */ = {isa = PBXBuildFile; fileRef = 0D98C5161F66928C00D59298 /* APIClient.swift */; };
		0D98C5191F6692B400D59298 /* Resource.swift in Sources */ = {isa = PBXBuildFile; fileRef = 0D98C5181F6692B400D59298 /* Resource.swift */; };
		0D98C51B1F6692DC00D59298 /* JSONMappable.swift in Sources */ = {isa = PBXBuildFile; fileRef = 0D98C51A1F6692DC00D59298 /* JSONMappable.swift */; };
		0D98C51E1F6693EC00D59298 /* Weather+Resource.swift in Sources */ = {isa = PBXBuildFile; fileRef = 0D98C51D1F6693EC00D59298 /* Weather+Resource.swift */; };
		0D98C5211F6699E800D59298 /* AppConfiguration.swift in Sources */ = {isa = PBXBuildFile; fileRef = 0D98C5201F6699E800D59298 /* AppConfiguration.swift */; };
		0D98C5231F669A0800D59298 /* MainViewController.swift in Sources */ = {isa = PBXBuildFile; fileRef = 0D98C5221F669A0800D59298 /* MainViewController.swift */; };
		0D98C5251F669B9400D59298 /* AppConfigurationSpec.swift in Sources */ = {isa = PBXBuildFile; fileRef = 0D98C5241F669B9400D59298 /* AppConfigurationSpec.swift */; };
		0D98C5281F669EFC00D59298 /* DependencyContainer.swift in Sources */ = {isa = PBXBuildFile; fileRef = 0D98C5271F669EFC00D59298 /* DependencyContainer.swift */; };
		0D98C52A1F66A1A500D59298 /* WeatherResourceSpec.swift in Sources */ = {isa = PBXBuildFile; fileRef = 0D98C5291F66A1A500D59298 /* WeatherResourceSpec.swift */; };
		0D98C52C1F66A1CD00D59298 /* APIClientSpec.swift in Sources */ = {isa = PBXBuildFile; fileRef = 0D98C52B1F66A1CD00D59298 /* APIClientSpec.swift */; };
		0D98C5311F66A4C400D59298 /* Weather+JSONMappable.swift in Sources */ = {isa = PBXBuildFile; fileRef = 0D98C5301F66A4C400D59298 /* Weather+JSONMappable.swift */; };
		0D98C5331F66A4E100D59298 /* WeatherJSONMappableSpec.swift in Sources */ = {isa = PBXBuildFile; fileRef = 0D98C5321F66A4E100D59298 /* WeatherJSONMappableSpec.swift */; };
		0D98C5341F66AB9600D59298 /* WeatherServiceSpec.swift in Sources */ = {isa = PBXBuildFile; fileRef = 0D98C5131F6691F900D59298 /* WeatherServiceSpec.swift */; };
		0D98C5361F66AD8200D59298 /* Weather+Fixture.swift in Sources */ = {isa = PBXBuildFile; fileRef = 0D98C5351F66AD8200D59298 /* Weather+Fixture.swift */; };
		0D9D61F11F61369E00AEA609 /* AppDelegate.swift in Sources */ = {isa = PBXBuildFile; fileRef = 0D9D61F01F61369E00AEA609 /* AppDelegate.swift */; };
		0D9D61F81F61369E00AEA609 /* Assets.xcassets in Resources */ = {isa = PBXBuildFile; fileRef = 0D9D61F71F61369E00AEA609 /* Assets.xcassets */; };
		0D9D61FB1F61369E00AEA609 /* LaunchScreen.storyboard in Resources */ = {isa = PBXBuildFile; fileRef = 0D9D61F91F61369E00AEA609 /* LaunchScreen.storyboard */; };
		0D9D62131F613BAC00AEA609 /* FlowController.swift in Sources */ = {isa = PBXBuildFile; fileRef = 0D9D62121F613BAC00AEA609 /* FlowController.swift */; };
		0D9D62151F613C4500AEA609 /* ControllerFactory.swift in Sources */ = {isa = PBXBuildFile; fileRef = 0D9D62141F613C4500AEA609 /* ControllerFactory.swift */; };
		0D9D621A1F613F6500AEA609 /* LocationsViewController.swift in Sources */ = {isa = PBXBuildFile; fileRef = 0D9D62191F613F6500AEA609 /* LocationsViewController.swift */; };
		0D9D621D1F613F7F00AEA609 /* LocationsViewControllerSpec.swift in Sources */ = {isa = PBXBuildFile; fileRef = 0D9D621B1F613F7A00AEA609 /* LocationsViewControllerSpec.swift */; };
		0D9D621F1F6141A500AEA609 /* LocationsViewModel.swift in Sources */ = {isa = PBXBuildFile; fileRef = 0D9D621E1F6141A500AEA609 /* LocationsViewModel.swift */; };
		0D9D62221F6141BB00AEA609 /* LocationsViewModelSpec.swift in Sources */ = {isa = PBXBuildFile; fileRef = 0D9D62201F6141AE00AEA609 /* LocationsViewModelSpec.swift */; };
		0D9D62241F6143AF00AEA609 /* LocationsDataSource.swift in Sources */ = {isa = PBXBuildFile; fileRef = 0D9D62231F6143AF00AEA609 /* LocationsDataSource.swift */; };
		0D9D62261F61546100AEA609 /* LocationsDataSourceSpec.swift in Sources */ = {isa = PBXBuildFile; fileRef = 0D9D62251F61546100AEA609 /* LocationsDataSourceSpec.swift */; };
		0D9D62291F61558B00AEA609 /* Location+Fixture.swift in Sources */ = {isa = PBXBuildFile; fileRef = 0D9D62281F61558B00AEA609 /* Location+Fixture.swift */; };
		0D9D622C1F6155D600AEA609 /* Location.swift in Sources */ = {isa = PBXBuildFile; fileRef = 0D9D622B1F6155D600AEA609 /* Location.swift */; };
		0D9D622F1F61580100AEA609 /* LocationService.swift in Sources */ = {isa = PBXBuildFile; fileRef = 0D9D622E1F61580100AEA609 /* LocationService.swift */; };
		1989DDA2DD911A3C3F096034 /* Pods_Sunny_SunnyTests.framework in Frameworks */ = {isa = PBXBuildFile; fileRef = C46517901182AAE810FF5C27 /* Pods_Sunny_SunnyTests.framework */; };
		DF457FA6D57698B4EA72EEC3 /* Pods_Sunny.framework in Frameworks */ = {isa = PBXBuildFile; fileRef = 140EFC170C29AB6BDA362B1C /* Pods_Sunny.framework */; };
/* End PBXBuildFile section */

/* Begin PBXContainerItemProxy section */
		0D9D620B1F61376D00AEA609 /* PBXContainerItemProxy */ = {
			isa = PBXContainerItemProxy;
			containerPortal = 0D9D61E51F61369E00AEA609 /* Project object */;
			proxyType = 1;
			remoteGlobalIDString = 0D9D61EC1F61369E00AEA609;
			remoteInfo = Sunny;
		};
/* End PBXContainerItemProxy section */

/* Begin PBXFileReference section */
		0D0868151F62A3BB00F92EDF /* LocationServiceSpec.swift */ = {isa = PBXFileReference; fileEncoding = 4; lastKnownFileType = sourcecode.swift; name = LocationServiceSpec.swift; path = Services/LocationServiceSpec.swift; sourceTree = "<group>"; };
		0D08681A1F62B57500F92EDF /* UIBarButtonItem+Specs.swift */ = {isa = PBXFileReference; fileEncoding = 4; lastKnownFileType = sourcecode.swift; name = "UIBarButtonItem+Specs.swift"; path = "Extensions/UIBarButtonItem+Specs.swift"; sourceTree = "<group>"; };
		0D0868231F62BBC100F92EDF /* LocationAddingViewController.swift */ = {isa = PBXFileReference; fileEncoding = 4; lastKnownFileType = sourcecode.swift; name = LocationAddingViewController.swift; path = "Modules/Location Adding/LocationAddingViewController.swift"; sourceTree = "<group>"; };
		0D0868241F62BBC100F92EDF /* LocationAddingViewController.xib */ = {isa = PBXFileReference; fileEncoding = 4; lastKnownFileType = file.xib; name = LocationAddingViewController.xib; path = "Modules/Location Adding/LocationAddingViewController.xib"; sourceTree = "<group>"; };
		0D25BFF71F6A8B4300AFBD2F /* LocationProvider.swift */ = {isa = PBXFileReference; fileEncoding = 4; lastKnownFileType = sourcecode.swift; name = LocationProvider.swift; path = Generics/LocationProvider.swift; sourceTree = "<group>"; };
		0D25BFF91F6A9F5A00AFBD2F /* LocationSpec.swift */ = {isa = PBXFileReference; fileEncoding = 4; lastKnownFileType = sourcecode.swift; name = LocationSpec.swift; path = Model/LocationSpec.swift; sourceTree = "<group>"; };
		0D25BFFB1F6AB10600AFBD2F /* LocationProviderSpec.swift */ = {isa = PBXFileReference; fileEncoding = 4; lastKnownFileType = sourcecode.swift; name = LocationProviderSpec.swift; path = Generics/LocationProviderSpec.swift; sourceTree = "<group>"; };
		0D91C2BF1F67D283004C5C74 /* WeatherViewController.swift */ = {isa = PBXFileReference; fileEncoding = 4; lastKnownFileType = sourcecode.swift; name = WeatherViewController.swift; path = Modules/Weather/WeatherViewController.swift; sourceTree = "<group>"; };
		0D91C2C01F67D283004C5C74 /* WeatherViewController.xib */ = {isa = PBXFileReference; fileEncoding = 4; lastKnownFileType = file.xib; name = WeatherViewController.xib; path = Modules/Weather/WeatherViewController.xib; sourceTree = "<group>"; };
		0D91C2C31F67D297004C5C74 /* WeatherViewControllerSpec.swift */ = {isa = PBXFileReference; fileEncoding = 4; lastKnownFileType = sourcecode.swift; name = WeatherViewControllerSpec.swift; path = Modules/Weather/WeatherViewControllerSpec.swift; sourceTree = "<group>"; };
		0D91C2C51F67D35A004C5C74 /* WeatherViewModel.swift */ = {isa = PBXFileReference; fileEncoding = 4; lastKnownFileType = sourcecode.swift; name = WeatherViewModel.swift; path = Modules/Weather/WeatherViewModel.swift; sourceTree = "<group>"; };
		0D91C2C71F67D388004C5C74 /* WeatherViewModelSpec.swift */ = {isa = PBXFileReference; fileEncoding = 4; lastKnownFileType = sourcecode.swift; name = WeatherViewModelSpec.swift; path = Modules/Weather/WeatherViewModelSpec.swift; sourceTree = "<group>"; };
		0D98C50F1F66909C00D59298 /* WeatherService.swift */ = {isa = PBXFileReference; fileEncoding = 4; lastKnownFileType = sourcecode.swift; name = WeatherService.swift; path = Services/WeatherService.swift; sourceTree = "<group>"; };
		0D98C5111F66915400D59298 /* Weather.swift */ = {isa = PBXFileReference; fileEncoding = 4; lastKnownFileType = sourcecode.swift; name = Weather.swift; path = Model/Weather.swift; sourceTree = "<group>"; };
		0D98C5131F6691F900D59298 /* WeatherServiceSpec.swift */ = {isa = PBXFileReference; fileEncoding = 4; lastKnownFileType = sourcecode.swift; name = WeatherServiceSpec.swift; path = Services/WeatherServiceSpec.swift; sourceTree = "<group>"; };
		0D98C5161F66928C00D59298 /* APIClient.swift */ = {isa = PBXFileReference; fileEncoding = 4; lastKnownFileType = sourcecode.swift; name = APIClient.swift; path = Networking/APIClient.swift; sourceTree = "<group>"; };
		0D98C5181F6692B400D59298 /* Resource.swift */ = {isa = PBXFileReference; fileEncoding = 4; lastKnownFileType = sourcecode.swift; name = Resource.swift; path = Networking/Resource.swift; sourceTree = "<group>"; };
		0D98C51A1F6692DC00D59298 /* JSONMappable.swift */ = {isa = PBXFileReference; fileEncoding = 4; lastKnownFileType = sourcecode.swift; name = JSONMappable.swift; path = Networking/JSONMappable.swift; sourceTree = "<group>"; };
		0D98C51D1F6693EC00D59298 /* Weather+Resource.swift */ = {isa = PBXFileReference; fileEncoding = 4; lastKnownFileType = sourcecode.swift; name = "Weather+Resource.swift"; path = "Networking/Resources/Weather+Resource.swift"; sourceTree = "<group>"; };
		0D98C5201F6699E800D59298 /* AppConfiguration.swift */ = {isa = PBXFileReference; fileEncoding = 4; lastKnownFileType = sourcecode.swift; path = AppConfiguration.swift; sourceTree = "<group>"; };
		0D98C5221F669A0800D59298 /* MainViewController.swift */ = {isa = PBXFileReference; fileEncoding = 4; lastKnownFileType = sourcecode.swift; name = MainViewController.swift; path = Modules/MainViewController.swift; sourceTree = "<group>"; };
		0D98C5241F669B9400D59298 /* AppConfigurationSpec.swift */ = {isa = PBXFileReference; fileEncoding = 4; lastKnownFileType = sourcecode.swift; path = AppConfigurationSpec.swift; sourceTree = "<group>"; };
		0D98C5271F669EFC00D59298 /* DependencyContainer.swift */ = {isa = PBXFileReference; fileEncoding = 4; lastKnownFileType = sourcecode.swift; name = DependencyContainer.swift; path = "Dependency Injection/DependencyContainer.swift"; sourceTree = "<group>"; };
		0D98C5291F66A1A500D59298 /* WeatherResourceSpec.swift */ = {isa = PBXFileReference; fileEncoding = 4; lastKnownFileType = sourcecode.swift; name = WeatherResourceSpec.swift; path = Networking/Resources/WeatherResourceSpec.swift; sourceTree = "<group>"; };
		0D98C52B1F66A1CD00D59298 /* APIClientSpec.swift */ = {isa = PBXFileReference; fileEncoding = 4; lastKnownFileType = sourcecode.swift; name = APIClientSpec.swift; path = Networking/APIClientSpec.swift; sourceTree = "<group>"; };
		0D98C5301F66A4C400D59298 /* Weather+JSONMappable.swift */ = {isa = PBXFileReference; fileEncoding = 4; lastKnownFileType = sourcecode.swift; name = "Weather+JSONMappable.swift"; path = "Networking/Parsers/Weather+JSONMappable.swift"; sourceTree = "<group>"; };
		0D98C5321F66A4E100D59298 /* WeatherJSONMappableSpec.swift */ = {isa = PBXFileReference; fileEncoding = 4; lastKnownFileType = sourcecode.swift; name = WeatherJSONMappableSpec.swift; path = Networking/Parsers/WeatherJSONMappableSpec.swift; sourceTree = "<group>"; };
		0D98C5351F66AD8200D59298 /* Weather+Fixture.swift */ = {isa = PBXFileReference; fileEncoding = 4; lastKnownFileType = sourcecode.swift; name = "Weather+Fixture.swift"; path = "Fixtures/Weather+Fixture.swift"; sourceTree = "<group>"; };
		0D9D61ED1F61369E00AEA609 /* Sunny.app */ = {isa = PBXFileReference; explicitFileType = wrapper.application; includeInIndex = 0; path = Sunny.app; sourceTree = BUILT_PRODUCTS_DIR; };
		0D9D61F01F61369E00AEA609 /* AppDelegate.swift */ = {isa = PBXFileReference; lastKnownFileType = sourcecode.swift; path = AppDelegate.swift; sourceTree = "<group>"; };
		0D9D61F71F61369E00AEA609 /* Assets.xcassets */ = {isa = PBXFileReference; lastKnownFileType = folder.assetcatalog; path = Assets.xcassets; sourceTree = "<group>"; };
		0D9D61FA1F61369E00AEA609 /* Base */ = {isa = PBXFileReference; lastKnownFileType = file.storyboard; name = Base; path = Base.lproj/LaunchScreen.storyboard; sourceTree = "<group>"; };
		0D9D61FC1F61369E00AEA609 /* Info.plist */ = {isa = PBXFileReference; lastKnownFileType = text.plist.xml; path = Info.plist; sourceTree = "<group>"; };
		0D9D62061F61376D00AEA609 /* SunnyTests.xctest */ = {isa = PBXFileReference; explicitFileType = wrapper.cfbundle; includeInIndex = 0; path = SunnyTests.xctest; sourceTree = BUILT_PRODUCTS_DIR; };
		0D9D620A1F61376D00AEA609 /* Info.plist */ = {isa = PBXFileReference; lastKnownFileType = text.plist.xml; path = Info.plist; sourceTree = "<group>"; };
		0D9D62121F613BAC00AEA609 /* FlowController.swift */ = {isa = PBXFileReference; fileEncoding = 4; lastKnownFileType = sourcecode.swift; name = FlowController.swift; path = "Flow Controller/FlowController.swift"; sourceTree = "<group>"; };
		0D9D62141F613C4500AEA609 /* ControllerFactory.swift */ = {isa = PBXFileReference; fileEncoding = 4; lastKnownFileType = sourcecode.swift; name = ControllerFactory.swift; path = "Flow Controller/ControllerFactory.swift"; sourceTree = "<group>"; };
		0D9D62191F613F6500AEA609 /* LocationsViewController.swift */ = {isa = PBXFileReference; fileEncoding = 4; lastKnownFileType = sourcecode.swift; name = LocationsViewController.swift; path = Modules/Locations/LocationsViewController.swift; sourceTree = "<group>"; };
		0D9D621B1F613F7A00AEA609 /* LocationsViewControllerSpec.swift */ = {isa = PBXFileReference; fileEncoding = 4; lastKnownFileType = sourcecode.swift; name = LocationsViewControllerSpec.swift; path = Modules/Locations/LocationsViewControllerSpec.swift; sourceTree = "<group>"; };
		0D9D621E1F6141A500AEA609 /* LocationsViewModel.swift */ = {isa = PBXFileReference; fileEncoding = 4; lastKnownFileType = sourcecode.swift; name = LocationsViewModel.swift; path = Modules/Locations/LocationsViewModel.swift; sourceTree = "<group>"; };
		0D9D62201F6141AE00AEA609 /* LocationsViewModelSpec.swift */ = {isa = PBXFileReference; fileEncoding = 4; lastKnownFileType = sourcecode.swift; name = LocationsViewModelSpec.swift; path = Modules/Locations/LocationsViewModelSpec.swift; sourceTree = "<group>"; };
		0D9D62231F6143AF00AEA609 /* LocationsDataSource.swift */ = {isa = PBXFileReference; fileEncoding = 4; lastKnownFileType = sourcecode.swift; name = LocationsDataSource.swift; path = Modules/Locations/LocationsDataSource.swift; sourceTree = "<group>"; };
		0D9D62251F61546100AEA609 /* LocationsDataSourceSpec.swift */ = {isa = PBXFileReference; fileEncoding = 4; lastKnownFileType = sourcecode.swift; name = LocationsDataSourceSpec.swift; path = Modules/Locations/LocationsDataSourceSpec.swift; sourceTree = "<group>"; };
		0D9D62281F61558B00AEA609 /* Location+Fixture.swift */ = {isa = PBXFileReference; fileEncoding = 4; lastKnownFileType = sourcecode.swift; name = "Location+Fixture.swift"; path = "Fixtures/Location+Fixture.swift"; sourceTree = "<group>"; };
		0D9D622B1F6155D600AEA609 /* Location.swift */ = {isa = PBXFileReference; fileEncoding = 4; lastKnownFileType = sourcecode.swift; name = Location.swift; path = Model/Location.swift; sourceTree = "<group>"; };
		0D9D622E1F61580100AEA609 /* LocationService.swift */ = {isa = PBXFileReference; fileEncoding = 4; lastKnownFileType = sourcecode.swift; name = LocationService.swift; path = Services/LocationService.swift; sourceTree = "<group>"; };
		140EFC170C29AB6BDA362B1C /* Pods_Sunny.framework */ = {isa = PBXFileReference; explicitFileType = wrapper.framework; includeInIndex = 0; path = Pods_Sunny.framework; sourceTree = BUILT_PRODUCTS_DIR; };
		43B035429B202655A5F380AE /* Pods-Sunny-SunnyTests.release.xcconfig */ = {isa = PBXFileReference; includeInIndex = 1; lastKnownFileType = text.xcconfig; name = "Pods-Sunny-SunnyTests.release.xcconfig"; path = "Pods/Target Support Files/Pods-Sunny-SunnyTests/Pods-Sunny-SunnyTests.release.xcconfig"; sourceTree = "<group>"; };
		A3B1E384177E0FEF868C519E /* Pods-Sunny.release.xcconfig */ = {isa = PBXFileReference; includeInIndex = 1; lastKnownFileType = text.xcconfig; name = "Pods-Sunny.release.xcconfig"; path = "Pods/Target Support Files/Pods-Sunny/Pods-Sunny.release.xcconfig"; sourceTree = "<group>"; };
		B80472ADBEB3B7846B5D3AE4 /* Pods-Sunny-SunnyTests.debug.xcconfig */ = {isa = PBXFileReference; includeInIndex = 1; lastKnownFileType = text.xcconfig; name = "Pods-Sunny-SunnyTests.debug.xcconfig"; path = "Pods/Target Support Files/Pods-Sunny-SunnyTests/Pods-Sunny-SunnyTests.debug.xcconfig"; sourceTree = "<group>"; };
		C46517901182AAE810FF5C27 /* Pods_Sunny_SunnyTests.framework */ = {isa = PBXFileReference; explicitFileType = wrapper.framework; includeInIndex = 0; path = Pods_Sunny_SunnyTests.framework; sourceTree = BUILT_PRODUCTS_DIR; };
		DF5DA63AD6DECE4D6AF3BF33 /* Pods-Sunny.debug.xcconfig */ = {isa = PBXFileReference; includeInIndex = 1; lastKnownFileType = text.xcconfig; name = "Pods-Sunny.debug.xcconfig"; path = "Pods/Target Support Files/Pods-Sunny/Pods-Sunny.debug.xcconfig"; sourceTree = "<group>"; };
/* End PBXFileReference section */

/* Begin PBXFrameworksBuildPhase section */
		0D9D61EA1F61369E00AEA609 /* Frameworks */ = {
			isa = PBXFrameworksBuildPhase;
			buildActionMask = 2147483647;
			files = (
				DF457FA6D57698B4EA72EEC3 /* Pods_Sunny.framework in Frameworks */,
			);
			runOnlyForDeploymentPostprocessing = 0;
		};
		0D9D62031F61376D00AEA609 /* Frameworks */ = {
			isa = PBXFrameworksBuildPhase;
			buildActionMask = 2147483647;
			files = (
				1989DDA2DD911A3C3F096034 /* Pods_Sunny_SunnyTests.framework in Frameworks */,
			);
			runOnlyForDeploymentPostprocessing = 0;
		};
/* End PBXFrameworksBuildPhase section */

/* Begin PBXGroup section */
		0D0868191F62B55300F92EDF /* Extensions */ = {
			isa = PBXGroup;
			children = (
				0D08681A1F62B57500F92EDF /* UIBarButtonItem+Specs.swift */,
			);
			name = Extensions;
			sourceTree = "<group>";
		};
		0D08681E1F62B7FD00F92EDF /* Location Adding */ = {
			isa = PBXGroup;
			children = (
				0D0868231F62BBC100F92EDF /* LocationAddingViewController.swift */,
				0D0868241F62BBC100F92EDF /* LocationAddingViewController.xib */,
			);
			name = "Location Adding";
			sourceTree = "<group>";
		};
		0D25BFF61F6A8B2500AFBD2F /* Generics */ = {
			isa = PBXGroup;
			children = (
				0D25BFF71F6A8B4300AFBD2F /* LocationProvider.swift */,
				0D25BFFB1F6AB10600AFBD2F /* LocationProviderSpec.swift */,
			);
			name = Generics;
			sourceTree = "<group>";
		};
		0D91C2BA1F67D057004C5C74 /* Weather */ = {
			isa = PBXGroup;
			children = (
				0D91C2BF1F67D283004C5C74 /* WeatherViewController.swift */,
				0D91C2C01F67D283004C5C74 /* WeatherViewController.xib */,
				0D91C2C31F67D297004C5C74 /* WeatherViewControllerSpec.swift */,
				0D91C2C51F67D35A004C5C74 /* WeatherViewModel.swift */,
				0D91C2C71F67D388004C5C74 /* WeatherViewModelSpec.swift */,
			);
			name = Weather;
			sourceTree = "<group>";
		};
		0D98C5151F66927300D59298 /* Networking */ = {
			isa = PBXGroup;
			children = (
				0D98C52D1F66A45F00D59298 /* Parsers */,
				0D98C51C1F6693A100D59298 /* Resources */,
				0D98C51A1F6692DC00D59298 /* JSONMappable.swift */,
				0D98C5181F6692B400D59298 /* Resource.swift */,
				0D98C5161F66928C00D59298 /* APIClient.swift */,
				0D98C52B1F66A1CD00D59298 /* APIClientSpec.swift */,
			);
			name = Networking;
			sourceTree = "<group>";
		};
		0D98C51C1F6693A100D59298 /* Resources */ = {
			isa = PBXGroup;
			children = (
				0D98C51D1F6693EC00D59298 /* Weather+Resource.swift */,
				0D98C5291F66A1A500D59298 /* WeatherResourceSpec.swift */,
			);
			name = Resources;
			sourceTree = "<group>";
		};
		0D98C5261F669EC600D59298 /* Dependency Injection */ = {
			isa = PBXGroup;
			children = (
				0D98C5271F669EFC00D59298 /* DependencyContainer.swift */,
			);
			name = "Dependency Injection";
			sourceTree = "<group>";
		};
		0D98C52D1F66A45F00D59298 /* Parsers */ = {
			isa = PBXGroup;
			children = (
				0D98C5301F66A4C400D59298 /* Weather+JSONMappable.swift */,
				0D98C5321F66A4E100D59298 /* WeatherJSONMappableSpec.swift */,
			);
			name = Parsers;
			sourceTree = "<group>";
		};
		0D9D61E41F61369E00AEA609 = {
			isa = PBXGroup;
			children = (
				0D9D61EF1F61369E00AEA609 /* Sunny */,
				0D9D62071F61376D00AEA609 /* SunnyTests */,
				0D9D61EE1F61369E00AEA609 /* Products */,
				82CAAC98F354FEE837597D40 /* Pods */,
				1DDD2413E0F65F779296D708 /* Frameworks */,
			);
			sourceTree = "<group>";
		};
		0D9D61EE1F61369E00AEA609 /* Products */ = {
			isa = PBXGroup;
			children = (
				0D9D61ED1F61369E00AEA609 /* Sunny.app */,
				0D9D62061F61376D00AEA609 /* SunnyTests.xctest */,
			);
			name = Products;
			sourceTree = "<group>";
		};
		0D9D61EF1F61369E00AEA609 /* Sunny */ = {
			isa = PBXGroup;
			children = (
				0D25BFF61F6A8B2500AFBD2F /* Generics */,
				0D98C5261F669EC600D59298 /* Dependency Injection */,
				0D9D62111F613B7300AEA609 /* Flow Controller */,
				0D9D62171F613F0F00AEA609 /* Modules */,
				0D9D622A1F6155C200AEA609 /* Model */,
				0D98C5151F66927300D59298 /* Networking */,
				0D9D622D1F6157EC00AEA609 /* Services */,
				0D9D61F01F61369E00AEA609 /* AppDelegate.swift */,
				0D98C5201F6699E800D59298 /* AppConfiguration.swift */,
				0D98C5241F669B9400D59298 /* AppConfigurationSpec.swift */,
				0D9D61F71F61369E00AEA609 /* Assets.xcassets */,
				0D9D61F91F61369E00AEA609 /* LaunchScreen.storyboard */,
				0D9D61FC1F61369E00AEA609 /* Info.plist */,
			);
			path = Sunny;
			sourceTree = "<group>";
		};
		0D9D62071F61376D00AEA609 /* SunnyTests */ = {
			isa = PBXGroup;
			children = (
				0D0868191F62B55300F92EDF /* Extensions */,
				0D9D62271F61556E00AEA609 /* Fixtures */,
				0D9D620A1F61376D00AEA609 /* Info.plist */,
			);
			path = SunnyTests;
			sourceTree = "<group>";
		};
		0D9D62111F613B7300AEA609 /* Flow Controller */ = {
			isa = PBXGroup;
			children = (
				0D9D62121F613BAC00AEA609 /* FlowController.swift */,
				0D9D62141F613C4500AEA609 /* ControllerFactory.swift */,
			);
			name = "Flow Controller";
			sourceTree = "<group>";
		};
		0D9D62171F613F0F00AEA609 /* Modules */ = {
			isa = PBXGroup;
			children = (
				0D98C5221F669A0800D59298 /* MainViewController.swift */,
				0D91C2BA1F67D057004C5C74 /* Weather */,
				0D08681E1F62B7FD00F92EDF /* Location Adding */,
				0D9D62181F613F3B00AEA609 /* Locations */,
			);
			name = Modules;
			sourceTree = "<group>";
		};
		0D9D62181F613F3B00AEA609 /* Locations */ = {
			isa = PBXGroup;
			children = (
				0D9D62191F613F6500AEA609 /* LocationsViewController.swift */,
				0D9D621B1F613F7A00AEA609 /* LocationsViewControllerSpec.swift */,
				0D9D621E1F6141A500AEA609 /* LocationsViewModel.swift */,
				0D9D62201F6141AE00AEA609 /* LocationsViewModelSpec.swift */,
				0D9D62231F6143AF00AEA609 /* LocationsDataSource.swift */,
				0D9D62251F61546100AEA609 /* LocationsDataSourceSpec.swift */,
			);
			name = Locations;
			sourceTree = "<group>";
		};
		0D9D62271F61556E00AEA609 /* Fixtures */ = {
			isa = PBXGroup;
			children = (
				0D9D62281F61558B00AEA609 /* Location+Fixture.swift */,
				0D98C5351F66AD8200D59298 /* Weather+Fixture.swift */,
			);
			name = Fixtures;
			sourceTree = "<group>";
		};
		0D9D622A1F6155C200AEA609 /* Model */ = {
			isa = PBXGroup;
			children = (
				0D9D622B1F6155D600AEA609 /* Location.swift */,
				0D25BFF91F6A9F5A00AFBD2F /* LocationSpec.swift */,
				0D98C5111F66915400D59298 /* Weather.swift */,
			);
			name = Model;
			sourceTree = "<group>";
		};
		0D9D622D1F6157EC00AEA609 /* Services */ = {
			isa = PBXGroup;
			children = (
				0D9D622E1F61580100AEA609 /* LocationService.swift */,
				0D0868151F62A3BB00F92EDF /* LocationServiceSpec.swift */,
				0D98C50F1F66909C00D59298 /* WeatherService.swift */,
				0D98C5131F6691F900D59298 /* WeatherServiceSpec.swift */,
			);
			name = Services;
			sourceTree = "<group>";
		};
		1DDD2413E0F65F779296D708 /* Frameworks */ = {
			isa = PBXGroup;
			children = (
				140EFC170C29AB6BDA362B1C /* Pods_Sunny.framework */,
				C46517901182AAE810FF5C27 /* Pods_Sunny_SunnyTests.framework */,
			);
			name = Frameworks;
			sourceTree = "<group>";
		};
		82CAAC98F354FEE837597D40 /* Pods */ = {
			isa = PBXGroup;
			children = (
				DF5DA63AD6DECE4D6AF3BF33 /* Pods-Sunny.debug.xcconfig */,
				A3B1E384177E0FEF868C519E /* Pods-Sunny.release.xcconfig */,
				B80472ADBEB3B7846B5D3AE4 /* Pods-Sunny-SunnyTests.debug.xcconfig */,
				43B035429B202655A5F380AE /* Pods-Sunny-SunnyTests.release.xcconfig */,
			);
			name = Pods;
			sourceTree = "<group>";
		};
/* End PBXGroup section */

/* Begin PBXNativeTarget section */
		0D9D61EC1F61369E00AEA609 /* Sunny */ = {
			isa = PBXNativeTarget;
			buildConfigurationList = 0D9D61FF1F61369E00AEA609 /* Build configuration list for PBXNativeTarget "Sunny" */;
			buildPhases = (
				9162B6203E42FE5EEBE5D47B /* [CP] Check Pods Manifest.lock */,
				0D9D61E91F61369E00AEA609 /* Sources */,
				0D9D61EA1F61369E00AEA609 /* Frameworks */,
				0D9D61EB1F61369E00AEA609 /* Resources */,
				5D75B36EBE25AFCE2B3CCD86 /* [CP] Embed Pods Frameworks */,
				A2B4A35918FD40FC8CE36986 /* [CP] Copy Pods Resources */,
			);
			buildRules = (
			);
			dependencies = (
			);
			name = Sunny;
			productName = Sunny;
			productReference = 0D9D61ED1F61369E00AEA609 /* Sunny.app */;
			productType = "com.apple.product-type.application";
		};
		0D9D62051F61376D00AEA609 /* SunnyTests */ = {
			isa = PBXNativeTarget;
			buildConfigurationList = 0D9D620F1F61376D00AEA609 /* Build configuration list for PBXNativeTarget "SunnyTests" */;
			buildPhases = (
				7A53F80BB7F124483917C49C /* [CP] Check Pods Manifest.lock */,
				0D9D62021F61376D00AEA609 /* Sources */,
				0D9D62031F61376D00AEA609 /* Frameworks */,
				0D9D62041F61376D00AEA609 /* Resources */,
				FE470B23B00E5AA3D6ABBBF1 /* [CP] Embed Pods Frameworks */,
				9CABF5A8DE1328039C044F3E /* [CP] Copy Pods Resources */,
			);
			buildRules = (
			);
			dependencies = (
				0D9D620C1F61376D00AEA609 /* PBXTargetDependency */,
			);
			name = SunnyTests;
			productName = SunnyTests;
			productReference = 0D9D62061F61376D00AEA609 /* SunnyTests.xctest */;
			productType = "com.apple.product-type.bundle.unit-test";
		};
/* End PBXNativeTarget section */

/* Begin PBXProject section */
		0D9D61E51F61369E00AEA609 /* Project object */ = {
			isa = PBXProject;
			attributes = {
				LastSwiftUpdateCheck = 0830;
				LastUpgradeCheck = 0830;
				ORGANIZATIONNAME = com.owlyapps;
				TargetAttributes = {
					0D9D61EC1F61369E00AEA609 = {
						CreatedOnToolsVersion = 8.3.2;
						ProvisioningStyle = Automatic;
					};
					0D9D62051F61376D00AEA609 = {
						CreatedOnToolsVersion = 8.3.2;
						ProvisioningStyle = Automatic;
						TestTargetID = 0D9D61EC1F61369E00AEA609;
					};
				};
			};
			buildConfigurationList = 0D9D61E81F61369E00AEA609 /* Build configuration list for PBXProject "Sunny" */;
			compatibilityVersion = "Xcode 3.2";
			developmentRegion = English;
			hasScannedForEncodings = 0;
			knownRegions = (
				en,
				Base,
			);
			mainGroup = 0D9D61E41F61369E00AEA609;
			productRefGroup = 0D9D61EE1F61369E00AEA609 /* Products */;
			projectDirPath = "";
			projectRoot = "";
			targets = (
				0D9D61EC1F61369E00AEA609 /* Sunny */,
				0D9D62051F61376D00AEA609 /* SunnyTests */,
			);
		};
/* End PBXProject section */

/* Begin PBXResourcesBuildPhase section */
		0D9D61EB1F61369E00AEA609 /* Resources */ = {
			isa = PBXResourcesBuildPhase;
			buildActionMask = 2147483647;
			files = (
				0D91C2C21F67D283004C5C74 /* WeatherViewController.xib in Resources */,
				0D0868261F62BBC100F92EDF /* LocationAddingViewController.xib in Resources */,
				0D9D61FB1F61369E00AEA609 /* LaunchScreen.storyboard in Resources */,
				0D9D61F81F61369E00AEA609 /* Assets.xcassets in Resources */,
			);
			runOnlyForDeploymentPostprocessing = 0;
		};
		0D9D62041F61376D00AEA609 /* Resources */ = {
			isa = PBXResourcesBuildPhase;
			buildActionMask = 2147483647;
			files = (
			);
			runOnlyForDeploymentPostprocessing = 0;
		};
/* End PBXResourcesBuildPhase section */

/* Begin PBXShellScriptBuildPhase section */
		5D75B36EBE25AFCE2B3CCD86 /* [CP] Embed Pods Frameworks */ = {
			isa = PBXShellScriptBuildPhase;
			buildActionMask = 2147483647;
			files = (
			);
			inputPaths = (
			);
			name = "[CP] Embed Pods Frameworks";
			outputPaths = (
			);
			runOnlyForDeploymentPostprocessing = 0;
			shellPath = /bin/sh;
			shellScript = "\"${SRCROOT}/Pods/Target Support Files/Pods-Sunny/Pods-Sunny-frameworks.sh\"\n";
			showEnvVarsInLog = 0;
		};
		7A53F80BB7F124483917C49C /* [CP] Check Pods Manifest.lock */ = {
			isa = PBXShellScriptBuildPhase;
			buildActionMask = 2147483647;
			files = (
			);
			inputPaths = (
			);
			name = "[CP] Check Pods Manifest.lock";
			outputPaths = (
			);
			runOnlyForDeploymentPostprocessing = 0;
			shellPath = /bin/sh;
			shellScript = "diff \"${PODS_PODFILE_DIR_PATH}/Podfile.lock\" \"${PODS_ROOT}/Manifest.lock\" > /dev/null\nif [ $? != 0 ] ; then\n    # print error to STDERR\n    echo \"error: The sandbox is not in sync with the Podfile.lock. Run 'pod install' or update your CocoaPods installation.\" >&2\n    exit 1\nfi\n";
			showEnvVarsInLog = 0;
		};
		9162B6203E42FE5EEBE5D47B /* [CP] Check Pods Manifest.lock */ = {
			isa = PBXShellScriptBuildPhase;
			buildActionMask = 2147483647;
			files = (
			);
			inputPaths = (
			);
			name = "[CP] Check Pods Manifest.lock";
			outputPaths = (
			);
			runOnlyForDeploymentPostprocessing = 0;
			shellPath = /bin/sh;
			shellScript = "diff \"${PODS_PODFILE_DIR_PATH}/Podfile.lock\" \"${PODS_ROOT}/Manifest.lock\" > /dev/null\nif [ $? != 0 ] ; then\n    # print error to STDERR\n    echo \"error: The sandbox is not in sync with the Podfile.lock. Run 'pod install' or update your CocoaPods installation.\" >&2\n    exit 1\nfi\n";
			showEnvVarsInLog = 0;
		};
		9CABF5A8DE1328039C044F3E /* [CP] Copy Pods Resources */ = {
			isa = PBXShellScriptBuildPhase;
			buildActionMask = 2147483647;
			files = (
			);
			inputPaths = (
			);
			name = "[CP] Copy Pods Resources";
			outputPaths = (
			);
			runOnlyForDeploymentPostprocessing = 0;
			shellPath = /bin/sh;
			shellScript = "\"${SRCROOT}/Pods/Target Support Files/Pods-Sunny-SunnyTests/Pods-Sunny-SunnyTests-resources.sh\"\n";
			showEnvVarsInLog = 0;
		};
		A2B4A35918FD40FC8CE36986 /* [CP] Copy Pods Resources */ = {
			isa = PBXShellScriptBuildPhase;
			buildActionMask = 2147483647;
			files = (
			);
			inputPaths = (
			);
			name = "[CP] Copy Pods Resources";
			outputPaths = (
			);
			runOnlyForDeploymentPostprocessing = 0;
			shellPath = /bin/sh;
			shellScript = "\"${SRCROOT}/Pods/Target Support Files/Pods-Sunny/Pods-Sunny-resources.sh\"\n";
			showEnvVarsInLog = 0;
		};
		FE470B23B00E5AA3D6ABBBF1 /* [CP] Embed Pods Frameworks */ = {
			isa = PBXShellScriptBuildPhase;
			buildActionMask = 2147483647;
			files = (
			);
			inputPaths = (
			);
			name = "[CP] Embed Pods Frameworks";
			outputPaths = (
			);
			runOnlyForDeploymentPostprocessing = 0;
			shellPath = /bin/sh;
			shellScript = "\"${SRCROOT}/Pods/Target Support Files/Pods-Sunny-SunnyTests/Pods-Sunny-SunnyTests-frameworks.sh\"\n";
			showEnvVarsInLog = 0;
		};
/* End PBXShellScriptBuildPhase section */

/* Begin PBXSourcesBuildPhase section */
		0D9D61E91F61369E00AEA609 /* Sources */ = {
			isa = PBXSourcesBuildPhase;
			buildActionMask = 2147483647;
			files = (
				0D98C5211F6699E800D59298 /* AppConfiguration.swift in Sources */,
				0D0868251F62BBC100F92EDF /* LocationAddingViewController.swift in Sources */,
				0D98C5281F669EFC00D59298 /* DependencyContainer.swift in Sources */,
				0D91C2C11F67D283004C5C74 /* WeatherViewController.swift in Sources */,
				0D98C51E1F6693EC00D59298 /* Weather+Resource.swift in Sources */,
				0D25BFF81F6A8B4300AFBD2F /* LocationProvider.swift in Sources */,
				0D98C5311F66A4C400D59298 /* Weather+JSONMappable.swift in Sources */,
				0D98C5171F66928C00D59298 /* APIClient.swift in Sources */,
				0D9D621F1F6141A500AEA609 /* LocationsViewModel.swift in Sources */,
				0D98C5231F669A0800D59298 /* MainViewController.swift in Sources */,
				0D98C5191F6692B400D59298 /* Resource.swift in Sources */,
				0D91C2C61F67D35A004C5C74 /* WeatherViewModel.swift in Sources */,
				0D98C5101F66909C00D59298 /* WeatherService.swift in Sources */,
				0D9D621A1F613F6500AEA609 /* LocationsViewController.swift in Sources */,
				0D98C5121F66915400D59298 /* Weather.swift in Sources */,
				0D9D622F1F61580100AEA609 /* LocationService.swift in Sources */,
				0D98C51B1F6692DC00D59298 /* JSONMappable.swift in Sources */,
				0D9D61F11F61369E00AEA609 /* AppDelegate.swift in Sources */,
				0D9D62151F613C4500AEA609 /* ControllerFactory.swift in Sources */,
				0D9D62241F6143AF00AEA609 /* LocationsDataSource.swift in Sources */,
				0D9D62131F613BAC00AEA609 /* FlowController.swift in Sources */,
				0D9D622C1F6155D600AEA609 /* Location.swift in Sources */,
			);
			runOnlyForDeploymentPostprocessing = 0;
		};
		0D9D62021F61376D00AEA609 /* Sources */ = {
			isa = PBXSourcesBuildPhase;
			buildActionMask = 2147483647;
			files = (
				0D98C5341F66AB9600D59298 /* WeatherServiceSpec.swift in Sources */,
				0D25BFFA1F6A9F5A00AFBD2F /* LocationSpec.swift in Sources */,
				0D0868161F62A3BB00F92EDF /* LocationServiceSpec.swift in Sources */,
				0D9D62291F61558B00AEA609 /* Location+Fixture.swift in Sources */,
				0D25BFFE1F6ABB0400AFBD2F /* LocationProviderSpec.swift in Sources */,
				0D98C5251F669B9400D59298 /* AppConfigurationSpec.swift in Sources */,
				0D91C2C41F67D297004C5C74 /* WeatherViewControllerSpec.swift in Sources */,
				0D9D62221F6141BB00AEA609 /* LocationsViewModelSpec.swift in Sources */,
				0D08681B1F62B57500F92EDF /* UIBarButtonItem+Specs.swift in Sources */,
				0D98C5331F66A4E100D59298 /* WeatherJSONMappableSpec.swift in Sources */,
				0D98C52C1F66A1CD00D59298 /* APIClientSpec.swift in Sources */,
				0D9D621D1F613F7F00AEA609 /* LocationsViewControllerSpec.swift in Sources */,
				0D91C2C81F67D388004C5C74 /* WeatherViewModelSpec.swift in Sources */,
				0D9D62261F61546100AEA609 /* LocationsDataSourceSpec.swift in Sources */,
				0D98C5361F66AD8200D59298 /* Weather+Fixture.swift in Sources */,
				0D98C52A1F66A1A500D59298 /* WeatherResourceSpec.swift in Sources */,
			);
			runOnlyForDeploymentPostprocessing = 0;
		};
/* End PBXSourcesBuildPhase section */

/* Begin PBXTargetDependency section */
		0D9D620C1F61376D00AEA609 /* PBXTargetDependency */ = {
			isa = PBXTargetDependency;
			target = 0D9D61EC1F61369E00AEA609 /* Sunny */;
			targetProxy = 0D9D620B1F61376D00AEA609 /* PBXContainerItemProxy */;
		};
/* End PBXTargetDependency section */

/* Begin PBXVariantGroup section */
		0D9D61F91F61369E00AEA609 /* LaunchScreen.storyboard */ = {
			isa = PBXVariantGroup;
			children = (
				0D9D61FA1F61369E00AEA609 /* Base */,
			);
			name = LaunchScreen.storyboard;
			sourceTree = "<group>";
		};
/* End PBXVariantGroup section */

/* Begin XCBuildConfiguration section */
		0D9D61FD1F61369E00AEA609 /* Debug */ = {
			isa = XCBuildConfiguration;
			buildSettings = {
				ALWAYS_SEARCH_USER_PATHS = NO;
				CLANG_ANALYZER_NONNULL = YES;
				CLANG_ANALYZER_NUMBER_OBJECT_CONVERSION = YES_AGGRESSIVE;
				CLANG_CXX_LANGUAGE_STANDARD = "gnu++0x";
				CLANG_CXX_LIBRARY = "libc++";
				CLANG_ENABLE_MODULES = YES;
				CLANG_ENABLE_OBJC_ARC = YES;
				CLANG_WARN_BOOL_CONVERSION = YES;
				CLANG_WARN_CONSTANT_CONVERSION = YES;
				CLANG_WARN_DIRECT_OBJC_ISA_USAGE = YES_ERROR;
				CLANG_WARN_DOCUMENTATION_COMMENTS = YES;
				CLANG_WARN_EMPTY_BODY = YES;
				CLANG_WARN_ENUM_CONVERSION = YES;
				CLANG_WARN_INFINITE_RECURSION = YES;
				CLANG_WARN_INT_CONVERSION = YES;
				CLANG_WARN_OBJC_ROOT_CLASS = YES_ERROR;
				CLANG_WARN_SUSPICIOUS_MOVE = YES;
				CLANG_WARN_UNREACHABLE_CODE = YES;
				CLANG_WARN__DUPLICATE_METHOD_MATCH = YES;
				"CODE_SIGN_IDENTITY[sdk=iphoneos*]" = "iPhone Developer";
				COPY_PHASE_STRIP = NO;
				DEBUG_INFORMATION_FORMAT = dwarf;
				ENABLE_STRICT_OBJC_MSGSEND = YES;
				ENABLE_TESTABILITY = YES;
				GCC_C_LANGUAGE_STANDARD = gnu99;
				GCC_DYNAMIC_NO_PIC = NO;
				GCC_NO_COMMON_BLOCKS = YES;
				GCC_OPTIMIZATION_LEVEL = 0;
				GCC_PREPROCESSOR_DEFINITIONS = (
					"DEBUG=1",
					"$(inherited)",
				);
				GCC_WARN_64_TO_32_BIT_CONVERSION = YES;
				GCC_WARN_ABOUT_RETURN_TYPE = YES_ERROR;
				GCC_WARN_UNDECLARED_SELECTOR = YES;
				GCC_WARN_UNINITIALIZED_AUTOS = YES_AGGRESSIVE;
				GCC_WARN_UNUSED_FUNCTION = YES;
				GCC_WARN_UNUSED_VARIABLE = YES;
				IPHONEOS_DEPLOYMENT_TARGET = 10.3;
				MTL_ENABLE_DEBUG_INFO = YES;
				ONLY_ACTIVE_ARCH = YES;
				SDKROOT = iphoneos;
				SWIFT_ACTIVE_COMPILATION_CONDITIONS = DEBUG;
				SWIFT_OPTIMIZATION_LEVEL = "-Onone";
			};
			name = Debug;
		};
		0D9D61FE1F61369E00AEA609 /* Release */ = {
			isa = XCBuildConfiguration;
			buildSettings = {
				ALWAYS_SEARCH_USER_PATHS = NO;
				CLANG_ANALYZER_NONNULL = YES;
				CLANG_ANALYZER_NUMBER_OBJECT_CONVERSION = YES_AGGRESSIVE;
				CLANG_CXX_LANGUAGE_STANDARD = "gnu++0x";
				CLANG_CXX_LIBRARY = "libc++";
				CLANG_ENABLE_MODULES = YES;
				CLANG_ENABLE_OBJC_ARC = YES;
				CLANG_WARN_BOOL_CONVERSION = YES;
				CLANG_WARN_CONSTANT_CONVERSION = YES;
				CLANG_WARN_DIRECT_OBJC_ISA_USAGE = YES_ERROR;
				CLANG_WARN_DOCUMENTATION_COMMENTS = YES;
				CLANG_WARN_EMPTY_BODY = YES;
				CLANG_WARN_ENUM_CONVERSION = YES;
				CLANG_WARN_INFINITE_RECURSION = YES;
				CLANG_WARN_INT_CONVERSION = YES;
				CLANG_WARN_OBJC_ROOT_CLASS = YES_ERROR;
				CLANG_WARN_SUSPICIOUS_MOVE = YES;
				CLANG_WARN_UNREACHABLE_CODE = YES;
				CLANG_WARN__DUPLICATE_METHOD_MATCH = YES;
				"CODE_SIGN_IDENTITY[sdk=iphoneos*]" = "iPhone Developer";
				COPY_PHASE_STRIP = NO;
				DEBUG_INFORMATION_FORMAT = "dwarf-with-dsym";
				ENABLE_NS_ASSERTIONS = NO;
				ENABLE_STRICT_OBJC_MSGSEND = YES;
				GCC_C_LANGUAGE_STANDARD = gnu99;
				GCC_NO_COMMON_BLOCKS = YES;
				GCC_WARN_64_TO_32_BIT_CONVERSION = YES;
				GCC_WARN_ABOUT_RETURN_TYPE = YES_ERROR;
				GCC_WARN_UNDECLARED_SELECTOR = YES;
				GCC_WARN_UNINITIALIZED_AUTOS = YES_AGGRESSIVE;
				GCC_WARN_UNUSED_FUNCTION = YES;
				GCC_WARN_UNUSED_VARIABLE = YES;
				IPHONEOS_DEPLOYMENT_TARGET = 10.3;
				MTL_ENABLE_DEBUG_INFO = NO;
				SDKROOT = iphoneos;
				SWIFT_OPTIMIZATION_LEVEL = "-Owholemodule";
				VALIDATE_PRODUCT = YES;
			};
			name = Release;
		};
		0D9D62001F61369E00AEA609 /* Debug */ = {
			isa = XCBuildConfiguration;
			baseConfigurationReference = DF5DA63AD6DECE4D6AF3BF33 /* Pods-Sunny.debug.xcconfig */;
			buildSettings = {
				ASSETCATALOG_COMPILER_APPICON_NAME = AppIcon;
				INFOPLIST_FILE = Sunny/Info.plist;
				LD_RUNPATH_SEARCH_PATHS = "$(inherited) @executable_path/Frameworks";
				PRODUCT_BUNDLE_IDENTIFIER = com.owlyapps.Sunny;
				PRODUCT_NAME = "$(TARGET_NAME)";
				SWIFT_VERSION = 3.0;
			};
			name = Debug;
		};
		0D9D62011F61369E00AEA609 /* Release */ = {
			isa = XCBuildConfiguration;
			baseConfigurationReference = A3B1E384177E0FEF868C519E /* Pods-Sunny.release.xcconfig */;
			buildSettings = {
				ASSETCATALOG_COMPILER_APPICON_NAME = AppIcon;
				INFOPLIST_FILE = Sunny/Info.plist;
				LD_RUNPATH_SEARCH_PATHS = "$(inherited) @executable_path/Frameworks";
				PRODUCT_BUNDLE_IDENTIFIER = com.owlyapps.Sunny;
				PRODUCT_NAME = "$(TARGET_NAME)";
				SWIFT_VERSION = 3.0;
			};
			name = Release;
		};
		0D9D620D1F61376D00AEA609 /* Debug */ = {
			isa = XCBuildConfiguration;
			baseConfigurationReference = B80472ADBEB3B7846B5D3AE4 /* Pods-Sunny-SunnyTests.debug.xcconfig */;
			buildSettings = {
				BUNDLE_LOADER = "$(TEST_HOST)";
				INFOPLIST_FILE = SunnyTests/Info.plist;
				LD_RUNPATH_SEARCH_PATHS = "$(inherited) @executable_path/Frameworks @loader_path/Frameworks";
				PRODUCT_BUNDLE_IDENTIFIER = com.owlyapps.SunnyTests;
				PRODUCT_NAME = "$(TARGET_NAME)";
				SWIFT_VERSION = 3.0;
				TEST_HOST = "$(BUILT_PRODUCTS_DIR)/Sunny.app/Sunny";
			};
			name = Debug;
		};
		0D9D620E1F61376D00AEA609 /* Release */ = {
			isa = XCBuildConfiguration;
			baseConfigurationReference = 43B035429B202655A5F380AE /* Pods-Sunny-SunnyTests.release.xcconfig */;
			buildSettings = {
				BUNDLE_LOADER = "$(TEST_HOST)";
				INFOPLIST_FILE = SunnyTests/Info.plist;
				LD_RUNPATH_SEARCH_PATHS = "$(inherited) @executable_path/Frameworks @loader_path/Frameworks";
				PRODUCT_BUNDLE_IDENTIFIER = com.owlyapps.SunnyTests;
				PRODUCT_NAME = "$(TARGET_NAME)";
				SWIFT_VERSION = 3.0;
				TEST_HOST = "$(BUILT_PRODUCTS_DIR)/Sunny.app/Sunny";
			};
			name = Release;
		};
/* End XCBuildConfiguration section */

/* Begin XCConfigurationList section */
		0D9D61E81F61369E00AEA609 /* Build configuration list for PBXProject "Sunny" */ = {
			isa = XCConfigurationList;
			buildConfigurations = (
				0D9D61FD1F61369E00AEA609 /* Debug */,
				0D9D61FE1F61369E00AEA609 /* Release */,
			);
			defaultConfigurationIsVisible = 0;
			defaultConfigurationName = Release;
		};
		0D9D61FF1F61369E00AEA609 /* Build configuration list for PBXNativeTarget "Sunny" */ = {
			isa = XCConfigurationList;
			buildConfigurations = (
				0D9D62001F61369E00AEA609 /* Debug */,
				0D9D62011F61369E00AEA609 /* Release */,
			);
			defaultConfigurationIsVisible = 0;
			defaultConfigurationName = Release;
		};
		0D9D620F1F61376D00AEA609 /* Build configuration list for PBXNativeTarget "SunnyTests" */ = {
			isa = XCConfigurationList;
			buildConfigurations = (
				0D9D620D1F61376D00AEA609 /* Debug */,
				0D9D620E1F61376D00AEA609 /* Release */,
			);
			defaultConfigurationIsVisible = 0;
			defaultConfigurationName = Release;
		};
/* End XCConfigurationList section */
	};
	rootObject = 0D9D61E51F61369E00AEA609 /* Project object */;
}
